{
  "requires": true,
  "lockfileVersion": 1,
  "dependencies": {
    "cardsJS": {
      "version": "1.1.1",
      "resolved": "https://registry.npmjs.org/cardsJS/-/cardsJS-1.1.1.tgz",
      "integrity": "sha1-zifjUXQVy0nEDE+rZfMRS4plJWY=",
      "requires": {
        "jquery": "~2.1.3",
        "knockout": "~3.3.0"
      }
    },
    "jquery": {
      "version": "2.1.4",
      "resolved": "https://registry.npmjs.org/jquery/-/jquery-2.1.4.tgz",
      "integrity": "sha1-IoveaYoMYUMdwmMKahVPFYkNIxc="
    },
    "knockout": {
      "version": "3.3.0",
      "resolved": "https://registry.npmjs.org/knockout/-/knockout-3.3.0.tgz",
      "integrity": "sha1-UFAqTi8f4r36DlKEPN/LvUO8N0w="
    }
  }
}
